
Microsoft Visual Studio Solution File, Format Version 12.00
# Visual Studio 14
VisualStudioVersion = 14.0.25123.0
MinimumVisualStudioVersion = 10.0.40219.1
Project("{FAE04EC0-301F-11D3-BF4B-00C04F79EFBC}") = "yazokulu1.Droid", "yazokulu1\yazokulu1.Droid\yazokulu1.Droid.csproj", "{CF4C1F10-2403-4CB1-8FBD-6A202FBD0D85}"
EndProject
Project("{FAE04EC0-301F-11D3-BF4B-00C04F79EFBC}") = "yazokulu1.iOS", "yazokulu1\yazokulu1.iOS\yazokulu1.iOS.csproj", "{840DCC2E-F08F-4E68-A051-C8B8CB4E565A}"
EndProject
Project("{FAE04EC0-301F-11D3-BF4B-00C04F79EFBC}") = "yazokulu1.WinPhone", "yazokulu1\yazokulu1.WinPhone\yazokulu1.WinPhone.csproj", "{3F986507-585F-4271-8417-FA9509610185}"
EndProject
Project("{FAE04EC0-301F-11D3-BF4B-00C04F79EFBC}") = "yazokulu1.Windows", "yazokulu1\yazokulu1.Windows\yazokulu1.Windows.csproj", "{A3478948-D0A3-4C44-821F-DE5F1A3918EC}"
EndProject
Project("{FAE04EC0-301F-11D3-BF4B-00C04F79EFBC}") = "yazokulu1", "yazokulu1\yazokulu1\yazokulu1.csproj", "{97D8667D-E10C-4E7F-A7C0-DACF455A742E}"
EndProject
Global
	GlobalSection(SolutionConfigurationPlatforms) = preSolution
		Ad-Hoc|Any CPU = Ad-Hoc|Any CPU
		Ad-Hoc|ARM = Ad-Hoc|ARM
		Ad-Hoc|iPhone = Ad-Hoc|iPhone
		Ad-Hoc|iPhoneSimulator = Ad-Hoc|iPhoneSimulator
		Ad-Hoc|x64 = Ad-Hoc|x64
		Ad-Hoc|x86 = Ad-Hoc|x86
		AppStore|Any CPU = AppStore|Any CPU
		AppStore|ARM = AppStore|ARM
		AppStore|iPhone = AppStore|iPhone
		AppStore|iPhoneSimulator = AppStore|iPhoneSimulator
		AppStore|x64 = AppStore|x64
		AppStore|x86 = AppStore|x86
		Debug|Any CPU = Debug|Any CPU
		Debug|ARM = Debug|ARM
		Debug|iPhone = Debug|iPhone
		Debug|iPhoneSimulator = Debug|iPhoneSimulator
		Debug|x64 = Debug|x64
		Debug|x86 = Debug|x86
		Release|Any CPU = Release|Any CPU
		Release|ARM = Release|ARM
		Release|iPhone = Release|iPhone
		Release|iPhoneSimulator = Release|iPhoneSimulator
		Release|x64 = Release|x64
		Release|x86 = Release|x86
	EndGlobalSection
	GlobalSection(ProjectConfigurationPlatforms) = postSolution
		{CF4C1F10-2403-4CB1-8FBD-6A202FBD0D85}.Ad-Hoc|Any CPU.ActiveCfg = Release|Any CPU
		{CF4C1F10-2403-4CB1-8FBD-6A202FBD0D85}.Ad-Hoc|Any CPU.Build.0 = Release|Any CPU
		{CF4C1F10-2403-4CB1-8FBD-6A202FBD0D85}.Ad-Hoc|Any CPU.Deploy.0 = Release|Any CPU
		{CF4C1F10-2403-4CB1-8FBD-6A202FBD0D85}.Ad-Hoc|ARM.ActiveCfg = Release|Any CPU
		{CF4C1F10-2403-4CB1-8FBD-6A202FBD0D85}.Ad-Hoc|ARM.Build.0 = Release|Any CPU
		{CF4C1F10-2403-4CB1-8FBD-6A202FBD0D85}.Ad-Hoc|ARM.Deploy.0 = Release|Any CPU
		{CF4C1F10-2403-4CB1-8FBD-6A202FBD0D85}.Ad-Hoc|iPhone.ActiveCfg = Release|Any CPU
		{CF4C1F10-2403-4CB1-8FBD-6A202FBD0D85}.Ad-Hoc|iPhone.Build.0 = Release|Any CPU
		{CF4C1F10-2403-4CB1-8FBD-6A202FBD0D85}.Ad-Hoc|iPhone.Deploy.0 = Release|Any CPU
		{CF4C1F10-2403-4CB1-8FBD-6A202FBD0D85}.Ad-Hoc|iPhoneSimulator.ActiveCfg = Release|Any CPU
		{CF4C1F10-2403-4CB1-8FBD-6A202FBD0D85}.Ad-Hoc|iPhoneSimulator.Build.0 = Release|Any CPU
		{CF4C1F10-2403-4CB1-8FBD-6A202FBD0D85}.Ad-Hoc|iPhoneSimulator.Deploy.0 = Release|Any CPU
		{CF4C1F10-2403-4CB1-8FBD-6A202FBD0D85}.Ad-Hoc|x64.ActiveCfg = Release|Any CPU
		{CF4C1F10-2403-4CB1-8FBD-6A202FBD0D85}.Ad-Hoc|x64.Build.0 = Release|Any CPU
		{CF4C1F10-2403-4CB1-8FBD-6A202FBD0D85}.Ad-Hoc|x64.Deploy.0 = Release|Any CPU
		{CF4C1F10-2403-4CB1-8FBD-6A202FBD0D85}.Ad-Hoc|x86.ActiveCfg = Release|Any CPU
		{CF4C1F10-2403-4CB1-8FBD-6A202FBD0D85}.Ad-Hoc|x86.Build.0 = Release|Any CPU
		{CF4C1F10-2403-4CB1-8FBD-6A202FBD0D85}.Ad-Hoc|x86.Deploy.0 = Release|Any CPU
		{CF4C1F10-2403-4CB1-8FBD-6A202FBD0D85}.AppStore|Any CPU.ActiveCfg = Release|Any CPU
		{CF4C1F10-2403-4CB1-8FBD-6A202FBD0D85}.AppStore|Any CPU.Build.0 = Release|Any CPU
		{CF4C1F10-2403-4CB1-8FBD-6A202FBD0D85}.AppStore|Any CPU.Deploy.0 = Release|Any CPU
		{CF4C1F10-2403-4CB1-8FBD-6A202FBD0D85}.AppStore|ARM.ActiveCfg = Release|Any CPU
		{CF4C1F10-2403-4CB1-8FBD-6A202FBD0D85}.AppStore|ARM.Build.0 = Release|Any CPU
		{CF4C1F10-2403-4CB1-8FBD-6A202FBD0D85}.AppStore|ARM.Deploy.0 = Release|Any CPU
		{CF4C1F10-2403-4CB1-8FBD-6A202FBD0D85}.AppStore|iPhone.ActiveCfg = Release|Any CPU
		{CF4C1F10-2403-4CB1-8FBD-6A202FBD0D85}.AppStore|iPhone.Build.0 = Release|Any CPU
		{CF4C1F10-2403-4CB1-8FBD-6A202FBD0D85}.AppStore|iPhone.Deploy.0 = Release|Any CPU
		{CF4C1F10-2403-4CB1-8FBD-6A202FBD0D85}.AppStore|iPhoneSimulator.ActiveCfg = Release|Any CPU
		{CF4C1F10-2403-4CB1-8FBD-6A202FBD0D85}.AppStore|iPhoneSimulator.Build.0 = Release|Any CPU
		{CF4C1F10-2403-4CB1-8FBD-6A202FBD0D85}.AppStore|iPhoneSimulator.Deploy.0 = Release|Any CPU
		{CF4C1F10-2403-4CB1-8FBD-6A202FBD0D85}.AppStore|x64.ActiveCfg = Release|Any CPU
		{CF4C1F10-2403-4CB1-8FBD-6A202FBD0D85}.AppStore|x64.Build.0 = Release|Any CPU
		{CF4C1F10-2403-4CB1-8FBD-6A202FBD0D85}.AppStore|x64.Deploy.0 = Release|Any CPU
		{CF4C1F10-2403-4CB1-8FBD-6A202FBD0D85}.AppStore|x86.ActiveCfg = Release|Any CPU
		{CF4C1F10-2403-4CB1-8FBD-6A202FBD0D85}.AppStore|x86.Build.0 = Release|Any CPU
		{CF4C1F10-2403-4CB1-8FBD-6A202FBD0D85}.AppStore|x86.Deploy.0 = Release|Any CPU
		{CF4C1F10-2403-4CB1-8FBD-6A202FBD0D85}.Debug|Any CPU.ActiveCfg = Debug|Any CPU
		{CF4C1F10-2403-4CB1-8FBD-6A202FBD0D85}.Debug|Any CPU.Build.0 = Debug|Any CPU
		{CF4C1F10-2403-4CB1-8FBD-6A202FBD0D85}.Debug|Any CPU.Deploy.0 = Debug|Any CPU
		{CF4C1F10-2403-4CB1-8FBD-6A202FBD0D85}.Debug|ARM.ActiveCfg = Debug|Any CPU
		{CF4C1F10-2403-4CB1-8FBD-6A202FBD0D85}.Debug|ARM.Build.0 = Debug|Any CPU
		{CF4C1F10-2403-4CB1-8FBD-6A202FBD0D85}.Debug|ARM.Deploy.0 = Debug|Any CPU
		{CF4C1F10-2403-4CB1-8FBD-6A202FBD0D85}.Debug|iPhone.ActiveCfg = Debug|Any CPU
		{CF4C1F10-2403-4CB1-8FBD-6A202FBD0D85}.Debug|iPhone.Build.0 = Debug|Any CPU
		{CF4C1F10-2403-4CB1-8FBD-6A202FBD0D85}.Debug|iPhone.Deploy.0 = Debug|Any CPU
		{CF4C1F10-2403-4CB1-8FBD-6A202FBD0D85}.Debug|iPhoneSimulator.ActiveCfg = Debug|Any CPU
		{CF4C1F10-2403-4CB1-8FBD-6A202FBD0D85}.Debug|iPhoneSimulator.Build.0 = Debug|Any CPU
		{CF4C1F10-2403-4CB1-8FBD-6A202FBD0D85}.Debug|iPhoneSimulator.Deploy.0 = Debug|Any CPU
		{CF4C1F10-2403-4CB1-8FBD-6A202FBD0D85}.Debug|x64.ActiveCfg = Debug|Any CPU
		{CF4C1F10-2403-4CB1-8FBD-6A202FBD0D85}.Debug|x64.Build.0 = Debug|Any CPU
		{CF4C1F10-2403-4CB1-8FBD-6A202FBD0D85}.Debug|x64.Deploy.0 = Debug|Any CPU
		{CF4C1F10-2403-4CB1-8FBD-6A202FBD0D85}.Debug|x86.ActiveCfg = Debug|Any CPU
		{CF4C1F10-2403-4CB1-8FBD-6A202FBD0D85}.Debug|x86.Build.0 = Debug|Any CPU
		{CF4C1F10-2403-4CB1-8FBD-6A202FBD0D85}.Debug|x86.Deploy.0 = Debug|Any CPU
		{CF4C1F10-2403-4CB1-8FBD-6A202FBD0D85}.Release|Any CPU.ActiveCfg = Release|Any CPU
		{CF4C1F10-2403-4CB1-8FBD-6A202FBD0D85}.Release|Any CPU.Build.0 = Release|Any CPU
		{CF4C1F10-2403-4CB1-8FBD-6A202FBD0D85}.Release|Any CPU.Deploy.0 = Release|Any CPU
		{CF4C1F10-2403-4CB1-8FBD-6A202FBD0D85}.Release|ARM.ActiveCfg = Release|Any CPU
		{CF4C1F10-2403-4CB1-8FBD-6A202FBD0D85}.Release|ARM.Build.0 = Release|Any CPU
		{CF4C1F10-2403-4CB1-8FBD-6A202FBD0D85}.Release|ARM.Deploy.0 = Release|Any CPU
		{CF4C1F10-2403-4CB1-8FBD-6A202FBD0D85}.Release|iPhone.ActiveCfg = Release|Any CPU
		{CF4C1F10-2403-4CB1-8FBD-6A202FBD0D85}.Release|iPhone.Build.0 = Release|Any CPU
		{CF4C1F10-2403-4CB1-8FBD-6A202FBD0D85}.Release|iPhone.Deploy.0 = Release|Any CPU
		{CF4C1F10-2403-4CB1-8FBD-6A202FBD0D85}.Release|iPhoneSimulator.ActiveCfg = Release|Any CPU
		{CF4C1F10-2403-4CB1-8FBD-6A202FBD0D85}.Release|iPhoneSimulator.Build.0 = Release|Any CPU
		{CF4C1F10-2403-4CB1-8FBD-6A202FBD0D85}.Release|iPhoneSimulator.Deploy.0 = Release|Any CPU
		{CF4C1F10-2403-4CB1-8FBD-6A202FBD0D85}.Release|x64.ActiveCfg = Release|Any CPU
		{CF4C1F10-2403-4CB1-8FBD-6A202FBD0D85}.Release|x64.Build.0 = Release|Any CPU
		{CF4C1F10-2403-4CB1-8FBD-6A202FBD0D85}.Release|x64.Deploy.0 = Release|Any CPU
		{CF4C1F10-2403-4CB1-8FBD-6A202FBD0D85}.Release|x86.ActiveCfg = Release|Any CPU
		{CF4C1F10-2403-4CB1-8FBD-6A202FBD0D85}.Release|x86.Build.0 = Release|Any CPU
		{CF4C1F10-2403-4CB1-8FBD-6A202FBD0D85}.Release|x86.Deploy.0 = Release|Any CPU
		{840DCC2E-F08F-4E68-A051-C8B8CB4E565A}.Ad-Hoc|Any CPU.ActiveCfg = Ad-Hoc|iPhone
		{840DCC2E-F08F-4E68-A051-C8B8CB4E565A}.Ad-Hoc|ARM.ActiveCfg = Ad-Hoc|iPhone
		{840DCC2E-F08F-4E68-A051-C8B8CB4E565A}.Ad-Hoc|iPhone.ActiveCfg = Ad-Hoc|iPhone
		{840DCC2E-F08F-4E68-A051-C8B8CB4E565A}.Ad-Hoc|iPhone.Build.0 = Ad-Hoc|iPhone
		{840DCC2E-F08F-4E68-A051-C8B8CB4E565A}.Ad-Hoc|iPhoneSimulator.ActiveCfg = Ad-Hoc|iPhoneSimulator
		{840DCC2E-F08F-4E68-A051-C8B8CB4E565A}.Ad-Hoc|iPhoneSimulator.Build.0 = Ad-Hoc|iPhoneSimulator
		{840DCC2E-F08F-4E68-A051-C8B8CB4E565A}.Ad-Hoc|x64.ActiveCfg = Ad-Hoc|iPhone
		{840DCC2E-F08F-4E68-A051-C8B8CB4E565A}.Ad-Hoc|x86.ActiveCfg = Ad-Hoc|iPhone
		{840DCC2E-F08F-4E68-A051-C8B8CB4E565A}.AppStore|Any CPU.ActiveCfg = AppStore|iPhone
		{840DCC2E-F08F-4E68-A051-C8B8CB4E565A}.AppStore|ARM.ActiveCfg = AppStore|iPhone
		{840DCC2E-F08F-4E68-A051-C8B8CB4E565A}.AppStore|iPhone.ActiveCfg = AppStore|iPhone
		{840DCC2E-F08F-4E68-A051-C8B8CB4E565A}.AppStore|iPhone.Build.0 = AppStore|iPhone
		{840DCC2E-F08F-4E68-A051-C8B8CB4E565A}.AppStore|iPhoneSimulator.ActiveCfg = AppStore|iPhoneSimulator
		{840DCC2E-F08F-4E68-A051-C8B8CB4E565A}.AppStore|iPhoneSimulator.Build.0 = AppStore|iPhoneSimulator
		{840DCC2E-F08F-4E68-A051-C8B8CB4E565A}.AppStore|x64.ActiveCfg = AppStore|iPhone
		{840DCC2E-F08F-4E68-A051-C8B8CB4E565A}.AppStore|x86.ActiveCfg = AppStore|iPhone
		{840DCC2E-F08F-4E68-A051-C8B8CB4E565A}.Debug|Any CPU.ActiveCfg = Debug|iPhone
		{840DCC2E-F08F-4E68-A051-C8B8CB4E565A}.Debug|ARM.ActiveCfg = Debug|iPhone
		{840DCC2E-F08F-4E68-A051-C8B8CB4E565A}.Debug|iPhone.ActiveCfg = Debug|iPhone
		{840DCC2E-F08F-4E68-A051-C8B8CB4E565A}.Debug|iPhone.Build.0 = Debug|iPhone
		{840DCC2E-F08F-4E68-A051-C8B8CB4E565A}.Debug|iPhoneSimulator.ActiveCfg = Debug|iPhoneSimulator
		{840DCC2E-F08F-4E68-A051-C8B8CB4E565A}.Debug|iPhoneSimulator.Build.0 = Debug|iPhoneSimulator
		{840DCC2E-F08F-4E68-A051-C8B8CB4E565A}.Debug|x64.ActiveCfg = Debug|iPhone
		{840DCC2E-F08F-4E68-A051-C8B8CB4E565A}.Debug|x86.ActiveCfg = Debug|iPhone
		{840DCC2E-F08F-4E68-A051-C8B8CB4E565A}.Release|Any CPU.ActiveCfg = Release|iPhone
		{840DCC2E-F08F-4E68-A051-C8B8CB4E565A}.Release|ARM.ActiveCfg = Release|iPhone
		{840DCC2E-F08F-4E68-A051-C8B8CB4E565A}.Release|iPhone.ActiveCfg = Release|iPhone
		{840DCC2E-F08F-4E68-A051-C8B8CB4E565A}.Release|iPhone.Build.0 = Release|iPhone
		{840DCC2E-F08F-4E68-A051-C8B8CB4E565A}.Release|iPhoneSimulator.ActiveCfg = Release|iPhoneSimulator
		{840DCC2E-F08F-4E68-A051-C8B8CB4E565A}.Release|iPhoneSimulator.Build.0 = Release|iPhoneSimulator
		{840DCC2E-F08F-4E68-A051-C8B8CB4E565A}.Release|x64.ActiveCfg = Release|iPhone
		{840DCC2E-F08F-4E68-A051-C8B8CB4E565A}.Release|x86.ActiveCfg = Release|iPhone
		{3F986507-585F-4271-8417-FA9509610185}.Ad-Hoc|Any CPU.ActiveCfg = Release|Any CPU
		{3F986507-585F-4271-8417-FA9509610185}.Ad-Hoc|Any CPU.Build.0 = Release|Any CPU
		{3F986507-585F-4271-8417-FA9509610185}.Ad-Hoc|Any CPU.Deploy.0 = Release|Any CPU
		{3F986507-585F-4271-8417-FA9509610185}.Ad-Hoc|ARM.ActiveCfg = Release|ARM
		{3F986507-585F-4271-8417-FA9509610185}.Ad-Hoc|ARM.Build.0 = Release|ARM
		{3F986507-585F-4271-8417-FA9509610185}.Ad-Hoc|ARM.Deploy.0 = Release|ARM
		{3F986507-585F-4271-8417-FA9509610185}.Ad-Hoc|iPhone.ActiveCfg = Release|Any CPU
		{3F986507-585F-4271-8417-FA9509610185}.Ad-Hoc|iPhone.Build.0 = Release|Any CPU
		{3F986507-585F-4271-8417-FA9509610185}.Ad-Hoc|iPhone.Deploy.0 = Release|Any CPU
		{3F986507-585F-4271-8417-FA9509610185}.Ad-Hoc|iPhoneSimulator.ActiveCfg = Release|Any CPU
		{3F986507-585F-4271-8417-FA9509610185}.Ad-Hoc|iPhoneSimulator.Build.0 = Release|Any CPU
		{3F986507-585F-4271-8417-FA9509610185}.Ad-Hoc|iPhoneSimulator.Deploy.0 = Release|Any CPU
		{3F986507-585F-4271-8417-FA9509610185}.Ad-Hoc|x64.ActiveCfg = Release|Any CPU
		{3F986507-585F-4271-8417-FA9509610185}.Ad-Hoc|x64.Build.0 = Release|Any CPU
		{3F986507-585F-4271-8417-FA9509610185}.Ad-Hoc|x64.Deploy.0 = Release|Any CPU
		{3F986507-585F-4271-8417-FA9509610185}.Ad-Hoc|x86.ActiveCfg = Release|x86
		{3F986507-585F-4271-8417-FA9509610185}.Ad-Hoc|x86.Build.0 = Release|x86
		{3F986507-585F-4271-8417-FA9509610185}.Ad-Hoc|x86.Deploy.0 = Release|x86
		{3F986507-585F-4271-8417-FA9509610185}.AppStore|Any CPU.ActiveCfg = Release|Any CPU
		{3F986507-585F-4271-8417-FA9509610185}.AppStore|Any CPU.Build.0 = Release|Any CPU
		{3F986507-585F-4271-8417-FA9509610185}.AppStore|Any CPU.Deploy.0 = Release|Any CPU
		{3F986507-585F-4271-8417-FA9509610185}.AppStore|ARM.ActiveCfg = Release|ARM
		{3F986507-585F-4271-8417-FA9509610185}.AppStore|ARM.Build.0 = Release|ARM
		{3F986507-585F-4271-8417-FA9509610185}.AppStore|ARM.Deploy.0 = Release|ARM
		{3F986507-585F-4271-8417-FA9509610185}.AppStore|iPhone.ActiveCfg = Release|Any CPU
		{3F986507-585F-4271-8417-FA9509610185}.AppStore|iPhone.Build.0 = Release|Any CPU
		{3F986507-585F-4271-8417-FA9509610185}.AppStore|iPhone.Deploy.0 = Release|Any CPU
		{3F986507-585F-4271-8417-FA9509610185}.AppStore|iPhoneSimulator.ActiveCfg = Release|Any CPU
		{3F986507-585F-4271-8417-FA9509610185}.AppStore|iPhoneSimulator.Build.0 = Release|Any CPU
		{3F986507-585F-4271-8417-FA9509610185}.AppStore|iPhoneSimulator.Deploy.0 = Release|Any CPU
		{3F986507-585F-4271-8417-FA9509610185}.AppStore|x64.ActiveCfg = Release|Any CPU
		{3F986507-585F-4271-8417-FA9509610185}.AppStore|x64.Build.0 = Release|Any CPU
		{3F986507-585F-4271-8417-FA9509610185}.AppStore|x64.Deploy.0 = Release|Any CPU
		{3F986507-585F-4271-8417-FA9509610185}.AppStore|x86.ActiveCfg = Release|x86
		{3F986507-585F-4271-8417-FA9509610185}.AppStore|x86.Build.0 = Release|x86
		{3F986507-585F-4271-8417-FA9509610185}.AppStore|x86.Deploy.0 = Release|x86
		{3F986507-585F-4271-8417-FA9509610185}.Debug|Any CPU.ActiveCfg = Debug|Any CPU
		{3F986507-585F-4271-8417-FA9509610185}.Debug|Any CPU.Build.0 = Debug|Any CPU
		{3F986507-585F-4271-8417-FA9509610185}.Debug|Any CPU.Deploy.0 = Debug|Any CPU
		{3F986507-585F-4271-8417-FA9509610185}.Debug|ARM.ActiveCfg = Debug|ARM
		{3F986507-585F-4271-8417-FA9509610185}.Debug|ARM.Build.0 = Debug|ARM
		{3F986507-585F-4271-8417-FA9509610185}.Debug|ARM.Deploy.0 = Debug|ARM
		{3F986507-585F-4271-8417-FA9509610185}.Debug|iPhone.ActiveCfg = Debug|Any CPU
		{3F986507-585F-4271-8417-FA9509610185}.Debug|iPhone.Build.0 = Debug|Any CPU
		{3F986507-585F-4271-8417-FA9509610185}.Debug|iPhone.Deploy.0 = Debug|Any CPU
		{3F986507-585F-4271-8417-FA9509610185}.Debug|iPhoneSimulator.ActiveCfg = Debug|Any CPU
		{3F986507-585F-4271-8417-FA9509610185}.Debug|iPhoneSimulator.Build.0 = Debug|Any CPU
		{3F986507-585F-4271-8417-FA9509610185}.Debug|iPhoneSimulator.Deploy.0 = Debug|Any CPU
		{3F986507-585F-4271-8417-FA9509610185}.Debug|x64.ActiveCfg = Debug|Any CPU
		{3F986507-585F-4271-8417-FA9509610185}.Debug|x64.Build.0 = Debug|Any CPU
		{3F986507-585F-4271-8417-FA9509610185}.Debug|x64.Deploy.0 = Debug|Any CPU
		{3F986507-585F-4271-8417-FA9509610185}.Debug|x86.ActiveCfg = Debug|x86
		{3F986507-585F-4271-8417-FA9509610185}.Debug|x86.Build.0 = Debug|x86
		{3F986507-585F-4271-8417-FA9509610185}.Debug|x86.Deploy.0 = Debug|x86
		{3F986507-585F-4271-8417-FA9509610185}.Release|Any CPU.ActiveCfg = Release|Any CPU
		{3F986507-585F-4271-8417-FA9509610185}.Release|Any CPU.Build.0 = Release|Any CPU
		{3F986507-585F-4271-8417-FA9509610185}.Release|Any CPU.Deploy.0 = Release|Any CPU
		{3F986507-585F-4271-8417-FA9509610185}.Release|ARM.ActiveCfg = Release|ARM
		{3F986507-585F-4271-8417-FA9509610185}.Release|ARM.Build.0 = Release|ARM
		{3F986507-585F-4271-8417-FA9509610185}.Release|ARM.Deploy.0 = Release|ARM
		{3F986507-585F-4271-8417-FA9509610185}.Release|iPhone.ActiveCfg = Release|Any CPU
		{3F986507-585F-4271-8417-FA9509610185}.Release|iPhone.Build.0 = Release|Any CPU
		{3F986507-585F-4271-8417-FA9509610185}.Release|iPhone.Deploy.0 = Release|Any CPU
		{3F986507-585F-4271-8417-FA9509610185}.Release|iPhoneSimulator.ActiveCfg = Release|Any CPU
		{3F986507-585F-4271-8417-FA9509610185}.Release|iPhoneSimulator.Build.0 = Release|Any CPU
		{3F986507-585F-4271-8417-FA9509610185}.Release|iPhoneSimulator.Deploy.0 = Release|Any CPU
		{3F986507-585F-4271-8417-FA9509610185}.Release|x64.ActiveCfg = Release|Any CPU
		{3F986507-585F-4271-8417-FA9509610185}.Release|x64.Build.0 = Release|Any CPU
		{3F986507-585F-4271-8417-FA9509610185}.Release|x64.Deploy.0 = Release|Any CPU
		{3F986507-585F-4271-8417-FA9509610185}.Release|x86.ActiveCfg = Release|x86
		{3F986507-585F-4271-8417-FA9509610185}.Release|x86.Build.0 = Release|x86
		{3F986507-585F-4271-8417-FA9509610185}.Release|x86.Deploy.0 = Release|x86
		{A3478948-D0A3-4C44-821F-DE5F1A3918EC}.Ad-Hoc|Any CPU.ActiveCfg = Release|Any CPU
		{A3478948-D0A3-4C44-821F-DE5F1A3918EC}.Ad-Hoc|Any CPU.Build.0 = Release|Any CPU
		{A3478948-D0A3-4C44-821F-DE5F1A3918EC}.Ad-Hoc|Any CPU.Deploy.0 = Release|Any CPU
		{A3478948-D0A3-4C44-821F-DE5F1A3918EC}.Ad-Hoc|ARM.ActiveCfg = Release|ARM
		{A3478948-D0A3-4C44-821F-DE5F1A3918EC}.Ad-Hoc|ARM.Build.0 = Release|ARM
		{A3478948-D0A3-4C44-821F-DE5F1A3918EC}.Ad-Hoc|ARM.Deploy.0 = Release|ARM
		{A3478948-D0A3-4C44-821F-DE5F1A3918EC}.Ad-Hoc|iPhone.ActiveCfg = Release|Any CPU
		{A3478948-D0A3-4C44-821F-DE5F1A3918EC}.Ad-Hoc|iPhone.Build.0 = Release|Any CPU
		{A3478948-D0A3-4C44-821F-DE5F1A3918EC}.Ad-Hoc|iPhone.Deploy.0 = Release|Any CPU
		{A3478948-D0A3-4C44-821F-DE5F1A3918EC}.Ad-Hoc|iPhoneSimulator.ActiveCfg = Release|Any CPU
		{A3478948-D0A3-4C44-821F-DE5F1A3918EC}.Ad-Hoc|iPhoneSimulator.Build.0 = Release|Any CPU
		{A3478948-D0A3-4C44-821F-DE5F1A3918EC}.Ad-Hoc|iPhoneSimulator.Deploy.0 = Release|Any CPU
		{A3478948-D0A3-4C44-821F-DE5F1A3918EC}.Ad-Hoc|x64.ActiveCfg = Release|x64
		{A3478948-D0A3-4C44-821F-DE5F1A3918EC}.Ad-Hoc|x64.Build.0 = Release|x64
		{A3478948-D0A3-4C44-821F-DE5F1A3918EC}.Ad-Hoc|x64.Deploy.0 = Release|x64
		{A3478948-D0A3-4C44-821F-DE5F1A3918EC}.Ad-Hoc|x86.ActiveCfg = Release|x86
		{A3478948-D0A3-4C44-821F-DE5F1A3918EC}.Ad-Hoc|x86.Build.0 = Release|x86
		{A3478948-D0A3-4C44-821F-DE5F1A3918EC}.Ad-Hoc|x86.Deploy.0 = Release|x86
		{A3478948-D0A3-4C44-821F-DE5F1A3918EC}.AppStore|Any CPU.ActiveCfg = Release|Any CPU
		{A3478948-D0A3-4C44-821F-DE5F1A3918EC}.AppStore|Any CPU.Build.0 = Release|Any CPU
		{A3478948-D0A3-4C44-821F-DE5F1A3918EC}.AppStore|Any CPU.Deploy.0 = Release|Any CPU
		{A3478948-D0A3-4C44-821F-DE5F1A3918EC}.AppStore|ARM.ActiveCfg = Release|ARM
		{A3478948-D0A3-4C44-821F-DE5F1A3918EC}.AppStore|ARM.Build.0 = Release|ARM
		{A3478948-D0A3-4C44-821F-DE5F1A3918EC}.AppStore|ARM.Deploy.0 = Release|ARM
		{A3478948-D0A3-4C44-821F-DE5F1A3918EC}.AppStore|iPhone.ActiveCfg = Release|Any CPU
		{A3478948-D0A3-4C44-821F-DE5F1A3918EC}.AppStore|iPhone.Build.0 = Release|Any CPU
		{A3478948-D0A3-4C44-821F-DE5F1A3918EC}.AppStore|iPhone.Deploy.0 = Release|Any CPU
		{A3478948-D0A3-4C44-821F-DE5F1A3918EC}.AppStore|iPhoneSimulator.ActiveCfg = Release|Any CPU
		{A3478948-D0A3-4C44-821F-DE5F1A3918EC}.AppStore|iPhoneSimulator.Build.0 = Release|Any CPU
		{A3478948-D0A3-4C44-821F-DE5F1A3918EC}.AppStore|iPhoneSimulator.Deploy.0 = Release|Any CPU
		{A3478948-D0A3-4C44-821F-DE5F1A3918EC}.AppStore|x64.ActiveCfg = Release|x64
		{A3478948-D0A3-4C44-821F-DE5F1A3918EC}.AppStore|x64.Build.0 = Release|x64
		{A3478948-D0A3-4C44-821F-DE5F1A3918EC}.AppStore|x64.Deploy.0 = Release|x64
		{A3478948-D0A3-4C44-821F-DE5F1A3918EC}.AppStore|x86.ActiveCfg = Release|x86
		{A3478948-D0A3-4C44-821F-DE5F1A3918EC}.AppStore|x86.Build.0 = Release|x86
		{A3478948-D0A3-4C44-821F-DE5F1A3918EC}.AppStore|x86.Deploy.0 = Release|x86
		{A3478948-D0A3-4C44-821F-DE5F1A3918EC}.Debug|Any CPU.ActiveCfg = Debug|Any CPU
		{A3478948-D0A3-4C44-821F-DE5F1A3918EC}.Debug|Any CPU.Build.0 = Debug|Any CPU
		{A3478948-D0A3-4C44-821F-DE5F1A3918EC}.Debug|Any CPU.Deploy.0 = Debug|Any CPU
		{A3478948-D0A3-4C44-821F-DE5F1A3918EC}.Debug|ARM.ActiveCfg = Debug|ARM
		{A3478948-D0A3-4C44-821F-DE5F1A3918EC}.Debug|ARM.Build.0 = Debug|ARM
		{A3478948-D0A3-4C44-821F-DE5F1A3918EC}.Debug|ARM.Deploy.0 = Debug|ARM
		{A3478948-D0A3-4C44-821F-DE5F1A3918EC}.Debug|iPhone.ActiveCfg = Debug|Any CPU
		{A3478948-D0A3-4C44-821F-DE5F1A3918EC}.Debug|iPhone.Build.0 = Debug|Any CPU
		{A3478948-D0A3-4C44-821F-DE5F1A3918EC}.Debug|iPhone.Deploy.0 = Debug|Any CPU
		{A3478948-D0A3-4C44-821F-DE5F1A3918EC}.Debug|iPhoneSimulator.ActiveCfg = Debug|Any CPU
		{A3478948-D0A3-4C44-821F-DE5F1A3918EC}.Debug|iPhoneSimulator.Build.0 = Debug|Any CPU
		{A3478948-D0A3-4C44-821F-DE5F1A3918EC}.Debug|iPhoneSimulator.Deploy.0 = Debug|Any CPU
		{A3478948-D0A3-4C44-821F-DE5F1A3918EC}.Debug|x64.ActiveCfg = Debug|x64
		{A3478948-D0A3-4C44-821F-DE5F1A3918EC}.Debug|x64.Build.0 = Debug|x64
		{A3478948-D0A3-4C44-821F-DE5F1A3918EC}.Debug|x64.Deploy.0 = Debug|x64
		{A3478948-D0A3-4C44-821F-DE5F1A3918EC}.Debug|x86.ActiveCfg = Debug|x86
		{A3478948-D0A3-4C44-821F-DE5F1A3918EC}.Debug|x86.Build.0 = Debug|x86
		{A3478948-D0A3-4C44-821F-DE5F1A3918EC}.Debug|x86.Deploy.0 = Debug|x86
		{A3478948-D0A3-4C44-821F-DE5F1A3918EC}.Release|Any CPU.ActiveCfg = Release|Any CPU
		{A3478948-D0A3-4C44-821F-DE5F1A3918EC}.Release|Any CPU.Build.0 = Release|Any CPU
		{A3478948-D0A3-4C44-821F-DE5F1A3918EC}.Release|Any CPU.Deploy.0 = Release|Any CPU
		{A3478948-D0A3-4C44-821F-DE5F1A3918EC}.Release|ARM.ActiveCfg = Release|ARM
		{A3478948-D0A3-4C44-821F-DE5F1A3918EC}.Release|ARM.Build.0 = Release|ARM
		{A3478948-D0A3-4C44-821F-DE5F1A3918EC}.Release|ARM.Deploy.0 = Release|ARM
		{A3478948-D0A3-4C44-821F-DE5F1A3918EC}.Release|iPhone.ActiveCfg = Release|Any CPU
		{A3478948-D0A3-4C44-821F-DE5F1A3918EC}.Release|iPhone.Build.0 = Release|Any CPU
		{A3478948-D0A3-4C44-821F-DE5F1A3918EC}.Release|iPhone.Deploy.0 = Release|Any CPU
		{A3478948-D0A3-4C44-821F-DE5F1A3918EC}.Release|iPhoneSimulator.ActiveCfg = Release|Any CPU
		{A3478948-D0A3-4C44-821F-DE5F1A3918EC}.Release|iPhoneSimulator.Build.0 = Release|Any CPU
		{A3478948-D0A3-4C44-821F-DE5F1A3918EC}.Release|iPhoneSimulator.Deploy.0 = Release|Any CPU
		{A3478948-D0A3-4C44-821F-DE5F1A3918EC}.Release|x64.ActiveCfg = Release|x64
		{A3478948-D0A3-4C44-821F-DE5F1A3918EC}.Release|x64.Build.0 = Release|x64
		{A3478948-D0A3-4C44-821F-DE5F1A3918EC}.Release|x64.Deploy.0 = Release|x64
		{A3478948-D0A3-4C44-821F-DE5F1A3918EC}.Release|x86.ActiveCfg = Release|x86
		{A3478948-D0A3-4C44-821F-DE5F1A3918EC}.Release|x86.Build.0 = Release|x86
		{A3478948-D0A3-4C44-821F-DE5F1A3918EC}.Release|x86.Deploy.0 = Release|x86
		{97D8667D-E10C-4E7F-A7C0-DACF455A742E}.Ad-Hoc|Any CPU.ActiveCfg = Release|Any CPU
		{97D8667D-E10C-4E7F-A7C0-DACF455A742E}.Ad-Hoc|Any CPU.Build.0 = Release|Any CPU
		{97D8667D-E10C-4E7F-A7C0-DACF455A742E}.Ad-Hoc|ARM.ActiveCfg = Release|Any CPU
		{97D8667D-E10C-4E7F-A7C0-DACF455A742E}.Ad-Hoc|ARM.Build.0 = Release|Any CPU
		{97D8667D-E10C-4E7F-A7C0-DACF455A742E}.Ad-Hoc|iPhone.ActiveCfg = Release|Any CPU
		{97D8667D-E10C-4E7F-A7C0-DACF455A742E}.Ad-Hoc|iPhone.Build.0 = Release|Any CPU
		{97D8667D-E10C-4E7F-A7C0-DACF455A742E}.Ad-Hoc|iPhoneSimulator.ActiveCfg = Release|Any CPU
		{97D8667D-E10C-4E7F-A7C0-DACF455A742E}.Ad-Hoc|iPhoneSimulator.Build.0 = Release|Any CPU
		{97D8667D-E10C-4E7F-A7C0-DACF455A742E}.Ad-Hoc|x64.ActiveCfg = Release|Any CPU
		{97D8667D-E10C-4E7F-A7C0-DACF455A742E}.Ad-Hoc|x64.Build.0 = Release|Any CPU
		{97D8667D-E10C-4E7F-A7C0-DACF455A742E}.Ad-Hoc|x86.ActiveCfg = Release|Any CPU
		{97D8667D-E10C-4E7F-A7C0-DACF455A742E}.Ad-Hoc|x86.Build.0 = Release|Any CPU
		{97D8667D-E10C-4E7F-A7C0-DACF455A742E}.AppStore|Any CPU.ActiveCfg = Release|Any CPU
		{97D8667D-E10C-4E7F-A7C0-DACF455A742E}.AppStore|Any CPU.Build.0 = Release|Any CPU
		{97D8667D-E10C-4E7F-A7C0-DACF455A742E}.AppStore|ARM.ActiveCfg = Release|Any CPU
		{97D8667D-E10C-4E7F-A7C0-DACF455A742E}.AppStore|ARM.Build.0 = Release|Any CPU
		{97D8667D-E10C-4E7F-A7C0-DACF455A742E}.AppStore|iPhone.ActiveCfg = Release|Any CPU
		{97D8667D-E10C-4E7F-A7C0-DACF455A742E}.AppStore|iPhone.Build.0 = Release|Any CPU
		{97D8667D-E10C-4E7F-A7C0-DACF455A742E}.AppStore|iPhoneSimulator.ActiveCfg = Release|Any CPU
		{97D8667D-E10C-4E7F-A7C0-DACF455A742E}.AppStore|iPhoneSimulator.Build.0 = Release|Any CPU
		{97D8667D-E10C-4E7F-A7C0-DACF455A742E}.AppStore|x64.ActiveCfg = Release|Any CPU
		{97D8667D-E10C-4E7F-A7C0-DACF455A742E}.AppStore|x64.Build.0 = Release|Any CPU
		{97D8667D-E10C-4E7F-A7C0-DACF455A742E}.AppStore|x86.ActiveCfg = Release|Any CPU
		{97D8667D-E10C-4E7F-A7C0-DACF455A742E}.AppStore|x86.Build.0 = Release|Any CPU
		{97D8667D-E10C-4E7F-A7C0-DACF455A742E}.Debug|Any CPU.ActiveCfg = Debug|Any CPU
		{97D8667D-E10C-4E7F-A7C0-DACF455A742E}.Debug|Any CPU.Build.0 = Debug|Any CPU
		{97D8667D-E10C-4E7F-A7C0-DACF455A742E}.Debug|ARM.ActiveCfg = Debug|Any CPU
		{97D8667D-E10C-4E7F-A7C0-DACF455A742E}.Debug|ARM.Build.0 = Debug|Any CPU
		{97D8667D-E10C-4E7F-A7C0-DACF455A742E}.Debug|iPhone.ActiveCfg = Debug|Any CPU
		{97D8667D-E10C-4E7F-A7C0-DACF455A742E}.Debug|iPhone.Build.0 = Debug|Any CPU
		{97D8667D-E10C-4E7F-A7C0-DACF455A742E}.Debug|iPhoneSimulator.ActiveCfg = Debug|Any CPU
		{97D8667D-E10C-4E7F-A7C0-DACF455A742E}.Debug|iPhoneSimulator.Build.0 = Debug|Any CPU
		{97D8667D-E10C-4E7F-A7C0-DACF455A742E}.Debug|x64.ActiveCfg = Debug|Any CPU
		{97D8667D-E10C-4E7F-A7C0-DACF455A742E}.Debug|x64.Build.0 = Debug|Any CPU
		{97D8667D-E10C-4E7F-A7C0-DACF455A742E}.Debug|x86.ActiveCfg = Debug|Any CPU
		{97D8667D-E10C-4E7F-A7C0-DACF455A742E}.Debug|x86.Build.0 = Debug|Any CPU
		{97D8667D-E10C-4E7F-A7C0-DACF455A742E}.Release|Any CPU.ActiveCfg = Release|Any CPU
		{97D8667D-E10C-4E7F-A7C0-DACF455A742E}.Release|Any CPU.Build.0 = Release|Any CPU
		{97D8667D-E10C-4E7F-A7C0-DACF455A742E}.Release|ARM.ActiveCfg = Release|Any CPU
		{97D8667D-E10C-4E7F-A7C0-DACF455A742E}.Release|ARM.Build.0 = Release|Any CPU
		{97D8667D-E10C-4E7F-A7C0-DACF455A742E}.Release|iPhone.ActiveCfg = Release|Any CPU
		{97D8667D-E10C-4E7F-A7C0-DACF455A742E}.Release|iPhone.Build.0 = Release|Any CPU
		{97D8667D-E10C-4E7F-A7C0-DACF455A742E}.Release|iPhoneSimulator.ActiveCfg = Release|Any CPU
		{97D8667D-E10C-4E7F-A7C0-DACF455A742E}.Release|iPhoneSimulator.Build.0 = Release|Any CPU
		{97D8667D-E10C-4E7F-A7C0-DACF455A742E}.Release|x64.ActiveCfg = Release|Any CPU
		{97D8667D-E10C-4E7F-A7C0-DACF455A742E}.Release|x64.Build.0 = Release|Any CPU
		{97D8667D-E10C-4E7F-A7C0-DACF455A742E}.Release|x86.ActiveCfg = Release|Any CPU
		{97D8667D-E10C-4E7F-A7C0-DACF455A742E}.Release|x86.Build.0 = Release|Any CPU
	EndGlobalSection
	GlobalSection(SolutionProperties) = preSolution
		HideSolutionNode = FALSE
	EndGlobalSection
EndGlobal
